
Microsoft Visual Studio Solution File, Format Version 12.00
# Visual Studio Version 17
VisualStudioVersion = 17.11.35208.52
MinimumVisualStudioVersion = 10.0.40219.1
Project("{FAE04EC0-301F-11D3-BF4B-00C04F79EFBC}") = "razor130example", "razor130example\razor130example.csproj", "{90177A06-67F9-4F7A-A622-A79ECB98A0C3}"
EndProject
Global
	GlobalSection(SolutionConfigurationPlatforms) = preSolution
		Debug|Any CPU = Debug|Any CPU
		Release|Any CPU = Release|Any CPU
	EndGlobalSection
	GlobalSection(ProjectConfigurationPlatforms) = postSolution
		{90177A06-67F9-4F7A-A622-A79ECB98A0C3}.Debug|Any CPU.ActiveCfg = Debug|Any CPU
		{90177A06-67F9-4F7A-A622-A79ECB98A0C3}.Debug|Any CPU.Build.0 = Debug|Any CPU
		{90177A06-67F9-4F7A-A622-A79ECB98A0C3}.Release|Any CPU.ActiveCfg = Release|Any CPU
		{90177A06-67F9-4F7A-A622-A79ECB98A0C3}.Release|Any CPU.Build.0 = Release|Any CPU
	EndGlobalSection
	GlobalSection(SolutionProperties) = preSolution
		HideSolutionNode = FALSE
	EndGlobalSection
	GlobalSection(ExtensibilityGlobals) = postSolution
		SolutionGuid = {3547E703-CE70-497E-863A-FAACED714EF2}
	EndGlobalSection
EndGlobal
